
Microsoft Visual Studio Solution File, Format Version 9.00
# Visual Studio 2005
Project("{FAE04EC0-301F-11D3-BF4B-00C04F79EFBC}") = "SagoPorter", "SagoPorter\SagoPorter.csproj", "{FEA5BB6A-F687-49C4-B1C6-0A63CC1369CA}"
EndProject
Project("{FAE04EC0-301F-11D3-BF4B-00C04F79EFBC}") = "Cntrls", "Cntrls\Cntrls.csproj", "{3BD09666-1D95-4AB1-BF73-B34050875426}"
EndProject
Project("{FAE04EC0-301F-11D3-BF4B-00C04F79EFBC}") = "PorterProto", "PorterProto\PorterProto.csproj", "{85B87C1F-58EA-4FA5-BAB0-76F19A4A4B2A}"
EndProject
Project("{FAE04EC0-301F-11D3-BF4B-00C04F79EFBC}") = "Resources", "Resources\Resources.csproj", "{29DF9262-9BA2-49B8-A30B-AAECCD0D13F6}"
EndProject
Project("{FAE04EC0-301F-11D3-BF4B-00C04F79EFBC}") = "RfidManager", "RfidManager\RfidManager.csproj", "{51151C83-7D54-47A1-8FE7-5726FA0166A9}"
EndProject
Project("{FAE04EC0-301F-11D3-BF4B-00C04F79EFBC}") = "UserManagement", "UserManagement\UserManagement.csproj", "{A4452DC7-6D47-4A57-B39B-94603A7F87AD}"
EndProject
Project("{FAE04EC0-301F-11D3-BF4B-00C04F79EFBC}") = "NetManager", "NetManager\NetManager.csproj", "{8FA69ED7-1861-4FE2-A5F8-7A2152DC7E73}"
EndProject
Project("{FAE04EC0-301F-11D3-BF4B-00C04F79EFBC}") = "LogManagement", "LogManagement\LogManagement.csproj", "{E88B9EF9-228A-4043-A894-98CD051ED835}"
EndProject
Project("{FAE04EC0-301F-11D3-BF4B-00C04F79EFBC}") = "LocationManagement", "LocationManagement\LocationManagement.csproj", "{73A5F6E9-8D91-4B55-90A9-6C9FC9F97766}"
EndProject
Project("{FAE04EC0-301F-11D3-BF4B-00C04F79EFBC}") = "RemoteManagement", "RemoteManagement\RemoteManagement.csproj", "{B5CBE49B-8109-4A70-98F7-13AE85A51B29}"
EndProject
Global
	GlobalSection(SolutionConfigurationPlatforms) = preSolution
		Debug|Any CPU = Debug|Any CPU
		Release|Any CPU = Release|Any CPU
	EndGlobalSection
	GlobalSection(ProjectConfigurationPlatforms) = postSolution
		{FEA5BB6A-F687-49C4-B1C6-0A63CC1369CA}.Debug|Any CPU.ActiveCfg = Debug|Any CPU
		{FEA5BB6A-F687-49C4-B1C6-0A63CC1369CA}.Debug|Any CPU.Build.0 = Debug|Any CPU
		{FEA5BB6A-F687-49C4-B1C6-0A63CC1369CA}.Debug|Any CPU.Deploy.0 = Debug|Any CPU
		{FEA5BB6A-F687-49C4-B1C6-0A63CC1369CA}.Release|Any CPU.ActiveCfg = Release|Any CPU
		{FEA5BB6A-F687-49C4-B1C6-0A63CC1369CA}.Release|Any CPU.Build.0 = Release|Any CPU
		{FEA5BB6A-F687-49C4-B1C6-0A63CC1369CA}.Release|Any CPU.Deploy.0 = Release|Any CPU
		{3BD09666-1D95-4AB1-BF73-B34050875426}.Debug|Any CPU.ActiveCfg = Debug|Any CPU
		{3BD09666-1D95-4AB1-BF73-B34050875426}.Debug|Any CPU.Build.0 = Debug|Any CPU
		{3BD09666-1D95-4AB1-BF73-B34050875426}.Release|Any CPU.ActiveCfg = Release|Any CPU
		{3BD09666-1D95-4AB1-BF73-B34050875426}.Release|Any CPU.Build.0 = Release|Any CPU
		{85B87C1F-58EA-4FA5-BAB0-76F19A4A4B2A}.Debug|Any CPU.ActiveCfg = Debug|Any CPU
		{85B87C1F-58EA-4FA5-BAB0-76F19A4A4B2A}.Debug|Any CPU.Build.0 = Debug|Any CPU
		{85B87C1F-58EA-4FA5-BAB0-76F19A4A4B2A}.Release|Any CPU.ActiveCfg = Release|Any CPU
		{85B87C1F-58EA-4FA5-BAB0-76F19A4A4B2A}.Release|Any CPU.Build.0 = Release|Any CPU
		{29DF9262-9BA2-49B8-A30B-AAECCD0D13F6}.Debug|Any CPU.ActiveCfg = Debug|Any CPU
		{29DF9262-9BA2-49B8-A30B-AAECCD0D13F6}.Debug|Any CPU.Build.0 = Debug|Any CPU
		{29DF9262-9BA2-49B8-A30B-AAECCD0D13F6}.Release|Any CPU.ActiveCfg = Release|Any CPU
		{29DF9262-9BA2-49B8-A30B-AAECCD0D13F6}.Release|Any CPU.Build.0 = Release|Any CPU
		{51151C83-7D54-47A1-8FE7-5726FA0166A9}.Debug|Any CPU.ActiveCfg = Debug|Any CPU
		{51151C83-7D54-47A1-8FE7-5726FA0166A9}.Debug|Any CPU.Build.0 = Debug|Any CPU
		{51151C83-7D54-47A1-8FE7-5726FA0166A9}.Release|Any CPU.ActiveCfg = Release|Any CPU
		{51151C83-7D54-47A1-8FE7-5726FA0166A9}.Release|Any CPU.Build.0 = Release|Any CPU
		{A4452DC7-6D47-4A57-B39B-94603A7F87AD}.Debug|Any CPU.ActiveCfg = Debug|Any CPU
		{A4452DC7-6D47-4A57-B39B-94603A7F87AD}.Debug|Any CPU.Build.0 = Debug|Any CPU
		{A4452DC7-6D47-4A57-B39B-94603A7F87AD}.Release|Any CPU.ActiveCfg = Release|Any CPU
		{A4452DC7-6D47-4A57-B39B-94603A7F87AD}.Release|Any CPU.Build.0 = Release|Any CPU
		{8FA69ED7-1861-4FE2-A5F8-7A2152DC7E73}.Debug|Any CPU.ActiveCfg = Debug|Any CPU
		{8FA69ED7-1861-4FE2-A5F8-7A2152DC7E73}.Debug|Any CPU.Build.0 = Debug|Any CPU
		{8FA69ED7-1861-4FE2-A5F8-7A2152DC7E73}.Release|Any CPU.ActiveCfg = Release|Any CPU
		{8FA69ED7-1861-4FE2-A5F8-7A2152DC7E73}.Release|Any CPU.Build.0 = Release|Any CPU
		{E88B9EF9-228A-4043-A894-98CD051ED835}.Debug|Any CPU.ActiveCfg = Debug|Any CPU
		{E88B9EF9-228A-4043-A894-98CD051ED835}.Debug|Any CPU.Build.0 = Debug|Any CPU
		{E88B9EF9-228A-4043-A894-98CD051ED835}.Release|Any CPU.ActiveCfg = Release|Any CPU
		{E88B9EF9-228A-4043-A894-98CD051ED835}.Release|Any CPU.Build.0 = Release|Any CPU
		{73A5F6E9-8D91-4B55-90A9-6C9FC9F97766}.Debug|Any CPU.ActiveCfg = Debug|Any CPU
		{73A5F6E9-8D91-4B55-90A9-6C9FC9F97766}.Debug|Any CPU.Build.0 = Debug|Any CPU
		{73A5F6E9-8D91-4B55-90A9-6C9FC9F97766}.Release|Any CPU.ActiveCfg = Release|Any CPU
		{73A5F6E9-8D91-4B55-90A9-6C9FC9F97766}.Release|Any CPU.Build.0 = Release|Any CPU
		{B5CBE49B-8109-4A70-98F7-13AE85A51B29}.Debug|Any CPU.ActiveCfg = Debug|Any CPU
		{B5CBE49B-8109-4A70-98F7-13AE85A51B29}.Debug|Any CPU.Build.0 = Debug|Any CPU
		{B5CBE49B-8109-4A70-98F7-13AE85A51B29}.Release|Any CPU.ActiveCfg = Release|Any CPU
		{B5CBE49B-8109-4A70-98F7-13AE85A51B29}.Release|Any CPU.Build.0 = Release|Any CPU
	EndGlobalSection
	GlobalSection(SolutionProperties) = preSolution
		HideSolutionNode = FALSE
	EndGlobalSection
EndGlobal
